{
    "version": 3,
    "terraform_version": "0.11.11",
    "serial": 70,
    "lineage": "bf5b45c1-2688-726e-5299-06c5e00e2c71",
    "modules": [
        {
            "path": [
                "root"
            ],
            "outputs": {
                "Prod API Key": {
                    "sensitive": false,
                    "type": "string",
                    "value": "MojBDX5Msc4bnM793ne4g3OUo8qHn7MT6xRcSUSe"
                },
                "prod_url": {
                    "sensitive": false,
                    "type": "string",
                    "value": "https://t36v4w6xwj.execute-api.eu-west-1.amazonaws.com/api/messages"
                }
            },
            "resources": {
                "aws_api_gateway_api_key.HelloWorld-api-prod-key": {
                    "type": "aws_api_gateway_api_key",
                    "depends_on": [],
                    "primary": {
                        "id": "ini94hqquf",
                        "attributes": {
                            "created_date": "2019-03-26T10:14:41Z",
                            "description": "Managed by Terraform",
                            "enabled": "true",
                            "id": "ini94hqquf",
                            "last_updated_date": "2019-03-26T10:14:41Z",
                            "name": "HelloWorld-api-prod-key",
                            "value": "MojBDX5Msc4bnM793ne4g3OUo8qHn7MT6xRcSUSe"
                        },
                        "meta": {},
                        "tainted": false
                    },
                    "deposed": [],
                    "provider": "provider.aws"
                },
                "aws_api_gateway_deployment.HelloWorld_deployment_prod": {
                    "type": "aws_api_gateway_deployment",
                    "depends_on": [
                        "aws_api_gateway_integration.HelloWorld_api_method-integration",
                        "aws_api_gateway_method.HelloWorld_api_method",
                        "aws_api_gateway_rest_api.HelloWorld_api",
                        "aws_lambda_function.HelloWorld_function"
                    ],
                    "primary": {
                        "id": "4v6pqn",
                        "attributes": {
                            "created_date": "2019-03-26T10:14:59Z",
                            "description": "",
                            "execution_arn": "arn:aws:execute-api:eu-west-1:414514217411:t36v4w6xwj/api",
                            "id": "4v6pqn",
                            "invoke_url": "https://t36v4w6xwj.execute-api.eu-west-1.amazonaws.com/api",
                            "rest_api_id": "t36v4w6xwj",
                            "stage_name": "api"
                        },
                        "meta": {},
                        "tainted": false
                    },
                    "deposed": [],
                    "provider": "provider.aws"
                },
                "aws_api_gateway_integration.HelloWorld_api_method-integration": {
                    "type": "aws_api_gateway_integration",
                    "depends_on": [
                        "aws_api_gateway_method.HelloWorld_api_method",
                        "aws_api_gateway_resource.HelloWorld_api_resource",
                        "aws_api_gateway_rest_api.HelloWorld_api",
                        "aws_lambda_function.HelloWorld_function",
                        "data.aws_caller_identity.current"
                    ],
                    "primary": {
                        "id": "agi-t36v4w6xwj-ix202q-GET",
                        "attributes": {
                            "cache_key_parameters.#": "0",
                            "cache_namespace": "ix202q",
                            "connection_id": "",
                            "connection_type": "INTERNET",
                            "content_handling": "",
                            "credentials": "",
                            "http_method": "GET",
                            "id": "agi-t36v4w6xwj-ix202q-GET",
                            "integration_http_method": "GET",
                            "passthrough_behavior": "WHEN_NO_MATCH",
                            "request_parameters.%": "0",
                            "request_templates.%": "0",
                            "resource_id": "ix202q",
                            "rest_api_id": "t36v4w6xwj",
                            "timeout_milliseconds": "29000",
                            "type": "AWS_PROXY",
                            "uri": "arn:aws:apigateway:eu-west-1:lambda:path/2015-03-31/functions/arn:aws:lambda:eu-west-1:414514217411:function:arn:aws:lambda:eu-west-1:414514217411:function:HelloWorld_function/invocations"
                        },
                        "meta": {},
                        "tainted": false
                    },
                    "deposed": [],
                    "provider": "provider.aws"
                },
                "aws_api_gateway_method.HelloWorld_api_method": {
                    "type": "aws_api_gateway_method",
                    "depends_on": [
                        "aws_api_gateway_resource.HelloWorld_api_resource",
                        "aws_api_gateway_rest_api.HelloWorld_api"
                    ],
                    "primary": {
                        "id": "agm-t36v4w6xwj-ix202q-GET",
                        "attributes": {
                            "api_key_required": "true",
                            "authorization": "NONE",
                            "authorization_scopes.#": "0",
                            "authorizer_id": "",
                            "http_method": "GET",
                            "id": "agm-t36v4w6xwj-ix202q-GET",
                            "request_models.%": "0",
                            "request_parameters.%": "0",
                            "request_validator_id": "",
                            "resource_id": "ix202q",
                            "rest_api_id": "t36v4w6xwj"
                        },
                        "meta": {},
                        "tainted": false
                    },
                    "deposed": [],
                    "provider": "provider.aws"
                },
                "aws_api_gateway_resource.HelloWorld_api_resource": {
                    "type": "aws_api_gateway_resource",
                    "depends_on": [
                        "aws_api_gateway_rest_api.HelloWorld_api"
                    ],
                    "primary": {
                        "id": "ix202q",
                        "attributes": {
                            "id": "ix202q",
                            "parent_id": "noan7c26l3",
                            "path": "/messages",
                            "path_part": "messages",
                            "rest_api_id": "t36v4w6xwj"
                        },
                        "meta": {},
                        "tainted": false
                    },
                    "deposed": [],
                    "provider": "provider.aws"
                },
                "aws_api_gateway_rest_api.HelloWorld_api": {
                    "type": "aws_api_gateway_rest_api",
                    "depends_on": [],
                    "primary": {
                        "id": "t36v4w6xwj",
                        "attributes": {
                            "api_key_source": "HEADER",
                            "binary_media_types.#": "0",
                            "created_date": "2019-03-26T10:14:41Z",
                            "description": "HelloWorld Rest Api",
                            "endpoint_configuration.#": "1",
                            "endpoint_configuration.0.types.#": "1",
                            "endpoint_configuration.0.types.0": "EDGE",
                            "execution_arn": "arn:aws:execute-api:eu-west-1:414514217411:t36v4w6xwj",
                            "id": "t36v4w6xwj",
                            "minimum_compression_size": "-1",
                            "name": "HelloWorld_api",
                            "policy": "",
                            "root_resource_id": "noan7c26l3"
                        },
                        "meta": {},
                        "tainted": false
                    },
                    "deposed": [],
                    "provider": "provider.aws"
                },
                "aws_cloudfront_distribution.HelloWorld_cloudfront": {
                    "type": "aws_cloudfront_distribution",
                    "depends_on": [
                        "aws_api_gateway_api_key.HelloWorld-api-prod-key",
                        "aws_api_gateway_deployment.HelloWorld_deployment_prod",
                        "aws_lambda_function.HelloWorld_function"
                    ],
                    "primary": {
                        "id": "EFYVNDQYCUU8I",
                        "attributes": {
                            "active_trusted_signers.%": "2",
                            "active_trusted_signers.enabled": "false",
                            "active_trusted_signers.items.#": "0",
                            "aliases.#": "0",
                            "arn": "arn:aws:cloudfront::414514217411:distribution/EFYVNDQYCUU8I",
                            "caller_reference": "2019-03-26T12:08:52.115889Z",
                            "custom_error_response.#": "0",
                            "default_cache_behavior.#": "1",
                            "default_cache_behavior.0.allowed_methods.#": "2",
                            "default_cache_behavior.0.allowed_methods.1040875975": "GET",
                            "default_cache_behavior.0.allowed_methods.1445840968": "HEAD",
                            "default_cache_behavior.0.cached_methods.#": "2",
                            "default_cache_behavior.0.cached_methods.1040875975": "GET",
                            "default_cache_behavior.0.cached_methods.1445840968": "HEAD",
                            "default_cache_behavior.0.compress": "false",
                            "default_cache_behavior.0.default_ttl": "3600",
                            "default_cache_behavior.0.field_level_encryption_id": "",
                            "default_cache_behavior.0.forwarded_values.#": "1",
                            "default_cache_behavior.0.forwarded_values.0.cookies.#": "1",
                            "default_cache_behavior.0.forwarded_values.0.cookies.0.forward": "none",
                            "default_cache_behavior.0.forwarded_values.0.cookies.0.whitelisted_names.#": "0",
                            "default_cache_behavior.0.forwarded_values.0.headers.#": "0",
                            "default_cache_behavior.0.forwarded_values.0.query_string": "false",
                            "default_cache_behavior.0.forwarded_values.0.query_string_cache_keys.#": "0",
                            "default_cache_behavior.0.lambda_function_association.#": "0",
                            "default_cache_behavior.0.max_ttl": "86400",
                            "default_cache_behavior.0.min_ttl": "0",
                            "default_cache_behavior.0.smooth_streaming": "false",
                            "default_cache_behavior.0.target_origin_id": "origin-api-t36v4w6xwj",
                            "default_cache_behavior.0.trusted_signers.#": "0",
                            "default_cache_behavior.0.viewer_protocol_policy": "https-only",
                            "default_root_object": "",
                            "domain_name": "d2hy5kjckcac6x.cloudfront.net",
                            "enabled": "true",
                            "etag": "EMW3DMGVDG1KY",
                            "hosted_zone_id": "Z2FDTNDATAQYW2",
                            "http_version": "http2",
                            "id": "EFYVNDQYCUU8I",
                            "in_progress_validation_batches": "0",
                            "is_ipv6_enabled": "false",
                            "last_modified_time": "2019-03-26 14:38:39.923 +0000 UTC",
                            "logging_config.#": "0",
                            "ordered_cache_behavior.#": "1",
                            "ordered_cache_behavior.0.allowed_methods.#": "7",
                            "ordered_cache_behavior.0.allowed_methods.1012961568": "POST",
                            "ordered_cache_behavior.0.allowed_methods.1040875975": "GET",
                            "ordered_cache_behavior.0.allowed_methods.1445840968": "HEAD",
                            "ordered_cache_behavior.0.allowed_methods.1741119464": "PATCH",
                            "ordered_cache_behavior.0.allowed_methods.348445828": "DELETE",
                            "ordered_cache_behavior.0.allowed_methods.3982006612": "OPTIONS",
                            "ordered_cache_behavior.0.allowed_methods.4024585617": "PUT",
                            "ordered_cache_behavior.0.cached_methods.#": "2",
                            "ordered_cache_behavior.0.cached_methods.1040875975": "GET",
                            "ordered_cache_behavior.0.cached_methods.1445840968": "HEAD",
                            "ordered_cache_behavior.0.compress": "false",
                            "ordered_cache_behavior.0.default_ttl": "3600",
                            "ordered_cache_behavior.0.field_level_encryption_id": "",
                            "ordered_cache_behavior.0.forwarded_values.#": "1",
                            "ordered_cache_behavior.0.forwarded_values.0.cookies.#": "1",
                            "ordered_cache_behavior.0.forwarded_values.0.cookies.0.forward": "none",
                            "ordered_cache_behavior.0.forwarded_values.0.cookies.0.whitelisted_names.#": "0",
                            "ordered_cache_behavior.0.forwarded_values.0.headers.#": "0",
                            "ordered_cache_behavior.0.forwarded_values.0.query_string": "false",
                            "ordered_cache_behavior.0.forwarded_values.0.query_string_cache_keys.#": "0",
                            "ordered_cache_behavior.0.lambda_function_association.#": "0",
                            "ordered_cache_behavior.0.max_ttl": "86400",
                            "ordered_cache_behavior.0.min_ttl": "0",
                            "ordered_cache_behavior.0.path_pattern": "api*",
                            "ordered_cache_behavior.0.smooth_streaming": "false",
                            "ordered_cache_behavior.0.target_origin_id": "origin-api-t36v4w6xwj",
                            "ordered_cache_behavior.0.trusted_signers.#": "0",
                            "ordered_cache_behavior.0.viewer_protocol_policy": "https-only",
                            "origin.#": "1",
                            "origin.3928745241.custom_header.#": "1",
                            "origin.3928745241.custom_header.3601978723.name": "x-api-key",
                            "origin.3928745241.custom_header.3601978723.value": "MojBDX5Msc4bnM793ne4g3OUo8qHn7MT6xRcSUSe",
                            "origin.3928745241.custom_origin_config.#": "1",
                            "origin.3928745241.custom_origin_config.0.http_port": "80",
                            "origin.3928745241.custom_origin_config.0.https_port": "443",
                            "origin.3928745241.custom_origin_config.0.origin_keepalive_timeout": "5",
                            "origin.3928745241.custom_origin_config.0.origin_protocol_policy": "https-only",
                            "origin.3928745241.custom_origin_config.0.origin_read_timeout": "30",
                            "origin.3928745241.custom_origin_config.0.origin_ssl_protocols.#": "3",
                            "origin.3928745241.custom_origin_config.0.origin_ssl_protocols.1162609714": "TLSv1",
                            "origin.3928745241.custom_origin_config.0.origin_ssl_protocols.3330230486": "TLSv1.1",
                            "origin.3928745241.custom_origin_config.0.origin_ssl_protocols.3981581077": "TLSv1.2",
                            "origin.3928745241.domain_name": "t36v4w6xwj.execute-api.eu-west-1.amazonaws.com",
                            "origin.3928745241.origin_id": "origin-api-t36v4w6xwj",
                            "origin.3928745241.origin_path": "/api/messages",
                            "origin.3928745241.s3_origin_config.#": "0",
                            "price_class": "PriceClass_All",
                            "restrictions.#": "1",
                            "restrictions.0.geo_restriction.#": "1",
                            "restrictions.0.geo_restriction.0.locations.#": "0",
                            "restrictions.0.geo_restriction.0.restriction_type": "none",
                            "retain_on_delete": "false",
                            "status": "Deployed",
                            "tags.%": "0",
                            "viewer_certificate.#": "1",
                            "viewer_certificate.0.acm_certificate_arn": "",
                            "viewer_certificate.0.cloudfront_default_certificate": "true",
                            "viewer_certificate.0.iam_certificate_id": "",
                            "viewer_certificate.0.minimum_protocol_version": "TLSv1",
                            "viewer_certificate.0.ssl_support_method": "",
                            "web_acl_id": ""
                        },
                        "meta": {},
                        "tainted": false
                    },
                    "deposed": [],
                    "provider": "provider.aws"
                },
                "aws_iam_role.HelloWorld_api_role": {
                    "type": "aws_iam_role",
                    "depends_on": [],
                    "primary": {
                        "id": "HelloWorld_api_role",
                        "attributes": {
                            "arn": "arn:aws:iam::414514217411:role/HelloWorld_api_role",
                            "assume_role_policy": "{\"Version\":\"2012-10-17\",\"Statement\":[{\"Sid\":\"\",\"Effect\":\"Allow\",\"Principal\":{\"Service\":[\"apigateway.amazonaws.com\",\"lambda.amazonaws.com\"]},\"Action\":\"sts:AssumeRole\"}]}",
                            "create_date": "2019-03-26T10:14:41Z",
                            "description": "",
                            "force_detach_policies": "false",
                            "id": "HelloWorld_api_role",
                            "max_session_duration": "3600",
                            "name": "HelloWorld_api_role",
                            "path": "/",
                            "tags.%": "0",
                            "unique_id": "AROAI4M434L4UEY6BGEPI"
                        },
                        "meta": {},
                        "tainted": false
                    },
                    "deposed": [],
                    "provider": "provider.aws"
                },
                "aws_lambda_function.HelloWorld_function": {
                    "type": "aws_lambda_function",
                    "depends_on": [
                        "aws_iam_role.HelloWorld_api_role",
                        "data.archive_file.lambda"
                    ],
                    "primary": {
                        "id": "HelloWorld_function",
                        "attributes": {
                            "arn": "arn:aws:lambda:eu-west-1:414514217411:function:HelloWorld_function",
                            "dead_letter_config.#": "0",
                            "description": "",
                            "environment.#": "0",
                            "filename": "lambda.zip",
                            "function_name": "HelloWorld_function",
                            "handler": "lambda.my_handler",
                            "id": "HelloWorld_function",
                            "invoke_arn": "arn:aws:apigateway:eu-west-1:lambda:path/2015-03-31/functions/arn:aws:lambda:eu-west-1:414514217411:function:HelloWorld_function/invocations",
                            "kms_key_arn": "",
                            "last_modified": "2019-03-26T10:16:47.459+0000",
                            "layers.#": "0",
                            "memory_size": "128",
                            "publish": "true",
                            "qualified_arn": "arn:aws:lambda:eu-west-1:414514217411:function:HelloWorld_function:17",
                            "reserved_concurrent_executions": "-1",
                            "role": "arn:aws:iam::414514217411:role/HelloWorld_api_role",
                            "runtime": "python2.7",
                            "source_code_hash": "UNmf3isx8brUlMuMRQsFy3KwqDx4iUw5HJ5d7j2li5k=",
                            "source_code_size": "267",
                            "tags.%": "0",
                            "timeout": "3",
                            "tracing_config.#": "1",
                            "tracing_config.0.mode": "PassThrough",
                            "version": "17",
                            "vpc_config.#": "0"
                        },
                        "meta": {
                            "e2bfb730-ecaa-11e6-8f88-34363bc7c4c0": {
                                "create": 600000000000
                            }
                        },
                        "tainted": false
                    },
                    "deposed": [],
                    "provider": "provider.aws"
                },
                "aws_lambda_permission.allow_api_gateway": {
                    "type": "aws_lambda_permission",
                    "depends_on": [
                        "aws_api_gateway_rest_api.HelloWorld_api",
                        "aws_lambda_function.HelloWorld_function",
                        "data.aws_caller_identity.current"
                    ],
                    "primary": {
                        "id": "AllowExecutionFromApiGateway",
                        "attributes": {
                            "action": "lambda:InvokeFunction",
                            "function_name": "arn:aws:lambda:eu-west-1:414514217411:function:HelloWorld_function",
                            "id": "AllowExecutionFromApiGateway",
                            "principal": "apigateway.amazonaws.com",
                            "qualifier": "",
                            "source_arn": "arn:aws:execute-api:eu-west-1:414514217411:t36v4w6xwj/*/*}",
                            "statement_id": "AllowExecutionFromApiGateway"
                        },
                        "meta": {},
                        "tainted": false
                    },
                    "deposed": [],
                    "provider": "provider.aws"
                },
                "data.archive_file.lambda": {
                    "type": "archive_file",
                    "depends_on": [],
                    "primary": {
                        "id": "8f26749443a5af12ade88cfbb3132e61a1d2ea8a",
                        "attributes": {
                            "id": "8f26749443a5af12ade88cfbb3132e61a1d2ea8a",
                            "output_base64sha256": "UNmf3isx8brUlMuMRQsFy3KwqDx4iUw5HJ5d7j2li5k=",
                            "output_md5": "c2fd36afda62b1804a64fdafdcdf45e0",
                            "output_path": "lambda.zip",
                            "output_sha": "8f26749443a5af12ade88cfbb3132e61a1d2ea8a",
                            "output_size": "267",
                            "source.#": "0",
                            "source_dir": "./py",
                            "type": "zip"
                        },
                        "meta": {},
                        "tainted": false
                    },
                    "deposed": [],
                    "provider": "provider.archive"
                },
                "data.aws_caller_identity.current": {
                    "type": "aws_caller_identity",
                    "depends_on": [],
                    "primary": {
                        "id": "2019-03-26 14:38:29.498244 +0000 UTC",
                        "attributes": {
                            "account_id": "414514217411",
                            "arn": "arn:aws:iam::414514217411:user/exp-admin",
                            "id": "2019-03-26 14:38:29.498244 +0000 UTC",
                            "user_id": "AIDAJNXCP4Z62TFP5RRI2"
                        },
                        "meta": {},
                        "tainted": false
                    },
                    "deposed": [],
                    "provider": "provider.aws"
                }
            },
            "depends_on": []
        }
    ]
}
